
Microsoft Visual Studio Solution File, Format Version 12.00
# Visual Studio Version 17
VisualStudioVersion = 17.10.34928.147
MinimumVisualStudioVersion = 10.0.40219.1
Project("{FAE04EC0-301F-11D3-BF4B-00C04F79EFBC}") = "CSRFAttackInAspNetCoreMVC", "CSRFAttackInAspNetCoreMVC\CSRFAttackInAspNetCoreMVC.csproj", "{568CD0C0-D719-454B-A115-01086D9ED701}"
EndProject
Global
	GlobalSection(SolutionConfigurationPlatforms) = preSolution
		Debug|Any CPU = Debug|Any CPU
		Release|Any CPU = Release|Any CPU
	EndGlobalSection
	GlobalSection(ProjectConfigurationPlatforms) = postSolution
		{568CD0C0-D719-454B-A115-01086D9ED701}.Debug|Any CPU.ActiveCfg = Debug|Any CPU
		{568CD0C0-D719-454B-A115-01086D9ED701}.Debug|Any CPU.Build.0 = Debug|Any CPU
		{568CD0C0-D719-454B-A115-01086D9ED701}.Release|Any CPU.ActiveCfg = Release|Any CPU
		{568CD0C0-D719-454B-A115-01086D9ED701}.Release|Any CPU.Build.0 = Release|Any CPU
	EndGlobalSection
	GlobalSection(SolutionProperties) = preSolution
		HideSolutionNode = FALSE
	EndGlobalSection
	GlobalSection(ExtensibilityGlobals) = postSolution
		SolutionGuid = {E989D424-32B5-4F2E-A28B-2007D8CB2502}
	EndGlobalSection
EndGlobal
